
Microsoft Visual Studio Solution File, Format Version 12.00
# Visual Studio Version 17
VisualStudioVersion = 17.7.34221.43
MinimumVisualStudioVersion = 10.0.40219.1
Project("{FAE04EC0-301F-11D3-BF4B-00C04F79EFBC}") = "online company", "kalar\online company.csproj", "{B3226FD5-DF5F-4126-B3D7-BBA20FD34561}"
EndProject
Project("{840C416C-B8F3-42BC-B0DD-F6BB14C9F8CB}") = "OnlineCompanySetup", "OnlineCompanySetup\OnlineCompanySetup.aiproj", "{C79E0BD7-8944-4115-A392-5BB8164A87E0}"
EndProject
Global
	GlobalSection(SolutionConfigurationPlatforms) = preSolution
		Debug|Any CPU = Debug|Any CPU
		DefaultBuild|Any CPU = DefaultBuild|Any CPU
		Release|Any CPU = Release|Any CPU
	EndGlobalSection
	GlobalSection(ProjectConfigurationPlatforms) = postSolution
		{B3226FD5-DF5F-4126-B3D7-BBA20FD34561}.Debug|Any CPU.ActiveCfg = Debug|Any CPU
		{B3226FD5-DF5F-4126-B3D7-BBA20FD34561}.Debug|Any CPU.Build.0 = Debug|Any CPU
		{B3226FD5-DF5F-4126-B3D7-BBA20FD34561}.DefaultBuild|Any CPU.ActiveCfg = Debug|Any CPU
		{B3226FD5-DF5F-4126-B3D7-BBA20FD34561}.DefaultBuild|Any CPU.Build.0 = Debug|Any CPU
		{B3226FD5-DF5F-4126-B3D7-BBA20FD34561}.Release|Any CPU.ActiveCfg = Release|Any CPU
		{B3226FD5-DF5F-4126-B3D7-BBA20FD34561}.Release|Any CPU.Build.0 = Release|Any CPU
		{C79E0BD7-8944-4115-A392-5BB8164A87E0}.Debug|Any CPU.ActiveCfg = DefaultBuild
		{C79E0BD7-8944-4115-A392-5BB8164A87E0}.Debug|Any CPU.Build.0 = DefaultBuild
		{C79E0BD7-8944-4115-A392-5BB8164A87E0}.DefaultBuild|Any CPU.ActiveCfg = DefaultBuild
		{C79E0BD7-8944-4115-A392-5BB8164A87E0}.DefaultBuild|Any CPU.Build.0 = DefaultBuild
		{C79E0BD7-8944-4115-A392-5BB8164A87E0}.Release|Any CPU.ActiveCfg = DefaultBuild
		{C79E0BD7-8944-4115-A392-5BB8164A87E0}.Release|Any CPU.Build.0 = DefaultBuild
	EndGlobalSection
	GlobalSection(SolutionProperties) = preSolution
		HideSolutionNode = FALSE
	EndGlobalSection
	GlobalSection(ExtensibilityGlobals) = postSolution
		SolutionGuid = {9F8BAB5D-3419-40B2-8E7C-C90F8B4F051C}
	EndGlobalSection
EndGlobal
